
Microsoft Visual Studio Solution File, Format Version 12.00
# Visual Studio Version 16
VisualStudioVersion = 16.0.31702.278
MinimumVisualStudioVersion = 10.0.40219.1
Project("{FAE04EC0-301F-11D3-BF4B-00C04F79EFBC}") = "RestAPICrud", "RestAPICrud.csproj", "{D9F4F488-1E1A-4F23-9F6E-097604248B71}"
EndProject
Global
	GlobalSection(SolutionConfigurationPlatforms) = preSolution
		Debug|Any CPU = Debug|Any CPU
		Release|Any CPU = Release|Any CPU
	EndGlobalSection
	GlobalSection(ProjectConfigurationPlatforms) = postSolution
		{D9F4F488-1E1A-4F23-9F6E-097604248B71}.Debug|Any CPU.ActiveCfg = Debug|Any CPU
		{D9F4F488-1E1A-4F23-9F6E-097604248B71}.Debug|Any CPU.Build.0 = Debug|Any CPU
		{D9F4F488-1E1A-4F23-9F6E-097604248B71}.Release|Any CPU.ActiveCfg = Release|Any CPU
		{D9F4F488-1E1A-4F23-9F6E-097604248B71}.Release|Any CPU.Build.0 = Release|Any CPU
	EndGlobalSection
	GlobalSection(SolutionProperties) = preSolution
		HideSolutionNode = FALSE
	EndGlobalSection
	GlobalSection(ExtensibilityGlobals) = postSolution
		SolutionGuid = {CBC662C6-B0CB-4BB3-A071-2B910FCC3A44}
	EndGlobalSection
EndGlobal
